
Microsoft Visual Studio Solution File, Format Version 12.00
# Visual Studio Version 17
VisualStudioVersion = 17.3.32929.385
MinimumVisualStudioVersion = 10.0.40219.1
Project("{888888A0-9F3D-457C-B088-3A5042F75D52}") = "IN450_Unit3_Jetta.SQL", "IN450_Unit3_Jetta.SQL\IN450_Unit3_Jetta.SQL.pyproj", "{FD5AAE22-2C23-4D8D-9DBE-2F49F040119A}"
EndProject
Global
	GlobalSection(SolutionConfigurationPlatforms) = preSolution
		Debug|Any CPU = Debug|Any CPU
		Release|Any CPU = Release|Any CPU
	EndGlobalSection
	GlobalSection(ProjectConfigurationPlatforms) = postSolution
		{FD5AAE22-2C23-4D8D-9DBE-2F49F040119A}.Debug|Any CPU.ActiveCfg = Debug|Any CPU
		{FD5AAE22-2C23-4D8D-9DBE-2F49F040119A}.Release|Any CPU.ActiveCfg = Release|Any CPU
	EndGlobalSection
	GlobalSection(SolutionProperties) = preSolution
		HideSolutionNode = FALSE
	EndGlobalSection
	GlobalSection(ExtensibilityGlobals) = postSolution
		SolutionGuid = {CCF56F88-4608-430B-A53B-D0E480BFB7E4}
	EndGlobalSection
EndGlobal
